
Microsoft Visual Studio Solution File, Format Version 12.00
# Visual Studio Version 16
VisualStudioVersion = 16.0.30104.148
MinimumVisualStudioVersion = 10.0.40219.1
Project("{FAE04EC0-301F-11D3-BF4B-00C04F79EFBC}") = "WindowsFormsApp1", "WindowsFormsApp1.csproj", "{CA6AB8F3-F4D4-4253-8811-4EFECA89CCAA}"
EndProject
Global
	GlobalSection(SolutionConfigurationPlatforms) = preSolution
		Debug|Any CPU = Debug|Any CPU
		Release|Any CPU = Release|Any CPU
	EndGlobalSection
	GlobalSection(ProjectConfigurationPlatforms) = postSolution
		{CA6AB8F3-F4D4-4253-8811-4EFECA89CCAA}.Debug|Any CPU.ActiveCfg = Debug|Any CPU
		{CA6AB8F3-F4D4-4253-8811-4EFECA89CCAA}.Debug|Any CPU.Build.0 = Debug|Any CPU
		{CA6AB8F3-F4D4-4253-8811-4EFECA89CCAA}.Release|Any CPU.ActiveCfg = Release|Any CPU
		{CA6AB8F3-F4D4-4253-8811-4EFECA89CCAA}.Release|Any CPU.Build.0 = Release|Any CPU
	EndGlobalSection
	GlobalSection(SolutionProperties) = preSolution
		HideSolutionNode = FALSE
	EndGlobalSection
	GlobalSection(ExtensibilityGlobals) = postSolution
		SolutionGuid = {E89D5B70-61B0-42D7-8EEE-3D9B8B47CDF7}
	EndGlobalSection
EndGlobal
